{
    "_meta": {
        "hash": {
            "sha256": "b66c2f1f06a042e98b8633c9ba31bb46a1f9fca6fc815a3ff6ef75dfb1a25e56"
        },
        "pipfile-spec": 6,
        "requires": {
            "python_version": "3.6"
        },
        "sources": [
            {
                "name": "pypi",
                "url": "https://pypi.org/simple",
                "verify_ssl": true
            }
        ]
    },
    "default": {
        "beautifulsoup4": {
            "hashes": [
                "sha256:594ca51a10d2b3443cbac41214e12dbb2a1cd57e1a7344659849e2e20ba6a8d8",
                "sha256:a4bbe77fd30670455c5296242967a123ec28c37e9702a8a81bd2f20a4baf0368",
                "sha256:d4e96ac9b0c3a6d3f0caae2e4124e6055c5dcafde8e2f831ff194c104f0775a0"
            ],
            "version": "==4.9.0"
        },
        "bs4": {
            "hashes": [
                "sha256:36ecea1fd7cc5c0c6e4a1ff075df26d50da647b75376626cc186e2212886dd3a"
            ],
            "index": "pypi",
            "version": "==0.0.1"
        },
        "soupsieve": {
            "hashes": [
                "sha256:e914534802d7ffd233242b785229d5ba0766a7f487385e3f714446a07bf540ae",
                "sha256:fcd71e08c0aee99aca1b73f45478549ee7e7fc006d51b37bec9e9def7dc22b69"
            ],
            "version": "==2.0"
        }
    },
    "develop": {}
}
